# This file is autogenerated, do not edit; changes may be undone by the next 'dep ensure'.


[[projects]]
  digest = "1:7b5c6e2eeaa9ae5907c391a91c132abfd5c9e8a784a341b5625e750c67e6825d"
  name = "github.com/gorilla/websocket"
  packages = ["."]
  pruneopts = "UT"
  revision = "66b9c49e59c6c48f0ffce28c2d8b8a5678502c6d"
  version = "v1.4.0"

[[projects]]
  branch = "master"
  digest = "1:459271b8268fe541549b299f65160b1df5abe9ffef0426cc38607f771dbc6bb4"
  name = "github.com/jessevdk/go-flags"
  packages = ["."]
  pruneopts = "UT"
  revision = "c0795c8afcf41dd1d786bebce68636c199b3bb45"

[[projects]]
  digest = "1:0356f3312c9bd1cbeda81505b7fd437501d8e778ab66998ef69f00d7f9b3a0d7"
  name = "github.com/mattn/go-runewidth"
  packages = ["."]
  pruneopts = "UT"
  revision = "3ee7d812e62a0804a7d0a324e0249ca2db3476d3"
  version = "v0.0.4"

[[projects]]
  branch = "master"
  digest = "1:54fdec3de2ef89673736e83296fe396527d1d59d9b9f0a8a1037cb0abe3788b3"
  name = "github.com/olekukonko/tablewriter"
  packages = ["."]
  pruneopts = "UT"
  revision = "93462a5dfaa69905a8243682186e36764caf8680"

[[projects]]
  digest = "1:cf31692c14422fa27c83a05292eb5cbe0fb2775972e8f1f8446a71549bd8980b"
  name = "github.com/pkg/errors"
  packages = ["."]
  pruneopts = "UT"
  revision = "ba968bfe8b2f7e042a574c888954fccecfa385b4"
  version = "v0.8.1"

[[projects]]
  branch = "master"
  digest = "1:65c2bd77656842451b166cd66a60618d0a9580039337f13ba9ee3c4ad221949a"
  name = "github.com/rancher/go-rancher"
  packages = ["v2"]
  pruneopts = "UT"
  revision = "cbc1b0a3f68db14c8d074ffc7fe2ca3b26a82c91"

[solve-meta]
  analyzer-name = "dep"
  analyzer-version = 1
  input-imports = [
    "github.com/jessevdk/go-flags",
    "github.com/olekukonko/tablewriter",
    "github.com/pkg/errors",
    "github.com/rancher/go-rancher/v2",
  ]
  solver-name = "gps-cdcl"
  solver-version = 1
